
Microsoft Visual Studio Solution File, Format Version 11.00
# Visual Studio 2010
Project("{FAE04EC0-301F-11D3-BF4B-00C04F79EFBC}") = "demoGithub", "demoGithub\demoGithub.csproj", "{A3623D36-B74A-4C8F-8EAB-F355E4FBAD11}"
EndProject
Global
	GlobalSection(SolutionConfigurationPlatforms) = preSolution
		Debug|Any CPU = Debug|Any CPU
		Release|Any CPU = Release|Any CPU
	EndGlobalSection
	GlobalSection(ProjectConfigurationPlatforms) = postSolution
		{A3623D36-B74A-4C8F-8EAB-F355E4FBAD11}.Debug|Any CPU.ActiveCfg = Debug|Any CPU
		{A3623D36-B74A-4C8F-8EAB-F355E4FBAD11}.Debug|Any CPU.Build.0 = Debug|Any CPU
		{A3623D36-B74A-4C8F-8EAB-F355E4FBAD11}.Release|Any CPU.ActiveCfg = Release|Any CPU
		{A3623D36-B74A-4C8F-8EAB-F355E4FBAD11}.Release|Any CPU.Build.0 = Release|Any CPU
	EndGlobalSection
	GlobalSection(SolutionProperties) = preSolution
		HideSolutionNode = FALSE
	EndGlobalSection
EndGlobal
